{
  "version": 1,
  "dependencies": {
    "net10.0-windows10.0.19041": {
      "Velopack": {
        "type": "Direct",
        "requested": "[1.2.0, )",
        "resolved": "1.2.0",
        "contentHash": "Rz67gJL619fSBS6omaSINUxyDuwhIxkm5mmubf7uLd5Qgi6LLKaKCha+QFP6n+Bw/UjA0vutnH4JQfYzn6ANtw=="
      }
    },
    "net10.0-windows10.0.19041/win-x64": {}
  }
}